
Microsoft Visual Studio Solution File, Format Version 12.00
# Visual Studio Version 16
VisualStudioVersion = 16.0.30621.155
MinimumVisualStudioVersion = 10.0.40219.1
Project("{FAE04EC0-301F-11D3-BF4B-00C04F79EFBC}") = "6.2", "6.2\6.2.csproj", "{B6D334D5-7113-47B3-A6F5-B8B66501B336}"
EndProject
Global
	GlobalSection(SolutionConfigurationPlatforms) = preSolution
		Debug|Any CPU = Debug|Any CPU
		Release|Any CPU = Release|Any CPU
	EndGlobalSection
	GlobalSection(ProjectConfigurationPlatforms) = postSolution
		{B6D334D5-7113-47B3-A6F5-B8B66501B336}.Debug|Any CPU.ActiveCfg = Debug|Any CPU
		{B6D334D5-7113-47B3-A6F5-B8B66501B336}.Debug|Any CPU.Build.0 = Debug|Any CPU
		{B6D334D5-7113-47B3-A6F5-B8B66501B336}.Release|Any CPU.ActiveCfg = Release|Any CPU
		{B6D334D5-7113-47B3-A6F5-B8B66501B336}.Release|Any CPU.Build.0 = Release|Any CPU
	EndGlobalSection
	GlobalSection(SolutionProperties) = preSolution
		HideSolutionNode = FALSE
	EndGlobalSection
	GlobalSection(ExtensibilityGlobals) = postSolution
		SolutionGuid = {1EFD79BF-3BB4-42BB-9D48-34E0AACB6FE5}
	EndGlobalSection
EndGlobal
