
Microsoft Visual Studio Solution File, Format Version 12.00
# Visual Studio Version 16
VisualStudioVersion = 16.0.30503.244
MinimumVisualStudioVersion = 10.0.40219.1
Project("{FAE04EC0-301F-11D3-BF4B-00C04F79EFBC}") = "03", "03\03.csproj", "{0C861E11-C556-4C08-9154-CEE7BF133EFE}"
EndProject
Global
	GlobalSection(SolutionConfigurationPlatforms) = preSolution
		Debug|Any CPU = Debug|Any CPU
		Release|Any CPU = Release|Any CPU
	EndGlobalSection
	GlobalSection(ProjectConfigurationPlatforms) = postSolution
		{0C861E11-C556-4C08-9154-CEE7BF133EFE}.Debug|Any CPU.ActiveCfg = Debug|Any CPU
		{0C861E11-C556-4C08-9154-CEE7BF133EFE}.Debug|Any CPU.Build.0 = Debug|Any CPU
		{0C861E11-C556-4C08-9154-CEE7BF133EFE}.Release|Any CPU.ActiveCfg = Release|Any CPU
		{0C861E11-C556-4C08-9154-CEE7BF133EFE}.Release|Any CPU.Build.0 = Release|Any CPU
	EndGlobalSection
	GlobalSection(SolutionProperties) = preSolution
		HideSolutionNode = FALSE
	EndGlobalSection
	GlobalSection(ExtensibilityGlobals) = postSolution
		SolutionGuid = {687FA57F-A214-4B47-B04A-F6E2293C223F}
	EndGlobalSection
EndGlobal
