
Microsoft Visual Studio Solution File, Format Version 12.00
# Visual Studio Version 16
VisualStudioVersion = 16.0.30503.244
MinimumVisualStudioVersion = 10.0.40219.1
Project("{FAE04EC0-301F-11D3-BF4B-00C04F79EFBC}") = "дз1ахлюстина", "дз1ахлюстина\дз1ахлюстина.csproj", "{0FB5C6AC-2A0C-434F-8546-06D92AC190C9}"
EndProject
Global
	GlobalSection(SolutionConfigurationPlatforms) = preSolution
		Debug|Any CPU = Debug|Any CPU
		Release|Any CPU = Release|Any CPU
	EndGlobalSection
	GlobalSection(ProjectConfigurationPlatforms) = postSolution
		{0FB5C6AC-2A0C-434F-8546-06D92AC190C9}.Debug|Any CPU.ActiveCfg = Debug|Any CPU
		{0FB5C6AC-2A0C-434F-8546-06D92AC190C9}.Debug|Any CPU.Build.0 = Debug|Any CPU
		{0FB5C6AC-2A0C-434F-8546-06D92AC190C9}.Release|Any CPU.ActiveCfg = Release|Any CPU
		{0FB5C6AC-2A0C-434F-8546-06D92AC190C9}.Release|Any CPU.Build.0 = Release|Any CPU
	EndGlobalSection
	GlobalSection(SolutionProperties) = preSolution
		HideSolutionNode = FALSE
	EndGlobalSection
	GlobalSection(ExtensibilityGlobals) = postSolution
		SolutionGuid = {34E55383-B871-47B0-939A-3040CBE05188}
	EndGlobalSection
EndGlobal
