
Microsoft Visual Studio Solution File, Format Version 12.00
# Visual Studio Version 16
VisualStudioVersion = 16.0.31112.23
MinimumVisualStudioVersion = 10.0.40219.1
Project("{FAE04EC0-301F-11D3-BF4B-00C04F79EFBC}") = "13", "13\13.csproj", "{171187B0-9964-4AFD-A9F7-1D8D26368A05}"
EndProject
Global
	GlobalSection(SolutionConfigurationPlatforms) = preSolution
		Debug|Any CPU = Debug|Any CPU
		Release|Any CPU = Release|Any CPU
	EndGlobalSection
	GlobalSection(ProjectConfigurationPlatforms) = postSolution
		{171187B0-9964-4AFD-A9F7-1D8D26368A05}.Debug|Any CPU.ActiveCfg = Debug|Any CPU
		{171187B0-9964-4AFD-A9F7-1D8D26368A05}.Debug|Any CPU.Build.0 = Debug|Any CPU
		{171187B0-9964-4AFD-A9F7-1D8D26368A05}.Release|Any CPU.ActiveCfg = Release|Any CPU
		{171187B0-9964-4AFD-A9F7-1D8D26368A05}.Release|Any CPU.Build.0 = Release|Any CPU
	EndGlobalSection
	GlobalSection(SolutionProperties) = preSolution
		HideSolutionNode = FALSE
	EndGlobalSection
	GlobalSection(ExtensibilityGlobals) = postSolution
		SolutionGuid = {47E21CC7-BF35-48DD-A61A-9F1DB63AE5C4}
	EndGlobalSection
EndGlobal
