
Microsoft Visual Studio Solution File, Format Version 12.00
# Visual Studio Version 16
VisualStudioVersion = 16.0.30503.244
MinimumVisualStudioVersion = 10.0.40219.1
Project("{FAE04EC0-301F-11D3-BF4B-00C04F79EFBC}") = "Математические формулы", "Математические формулы\Математические формулы.csproj", "{EE2BDA51-9E66-4276-B44A-D60A85D4CCB2}"
EndProject
Global
	GlobalSection(SolutionConfigurationPlatforms) = preSolution
		Debug|Any CPU = Debug|Any CPU
		Release|Any CPU = Release|Any CPU
	EndGlobalSection
	GlobalSection(ProjectConfigurationPlatforms) = postSolution
		{EE2BDA51-9E66-4276-B44A-D60A85D4CCB2}.Debug|Any CPU.ActiveCfg = Debug|Any CPU
		{EE2BDA51-9E66-4276-B44A-D60A85D4CCB2}.Debug|Any CPU.Build.0 = Debug|Any CPU
		{EE2BDA51-9E66-4276-B44A-D60A85D4CCB2}.Release|Any CPU.ActiveCfg = Release|Any CPU
		{EE2BDA51-9E66-4276-B44A-D60A85D4CCB2}.Release|Any CPU.Build.0 = Release|Any CPU
	EndGlobalSection
	GlobalSection(SolutionProperties) = preSolution
		HideSolutionNode = FALSE
	EndGlobalSection
	GlobalSection(ExtensibilityGlobals) = postSolution
		SolutionGuid = {195621BB-CA32-4477-860A-367C328620F2}
	EndGlobalSection
EndGlobal
