
Microsoft Visual Studio Solution File, Format Version 12.00
# Visual Studio Version 16
VisualStudioVersion = 16.0.30503.244
MinimumVisualStudioVersion = 10.0.40219.1
Project("{FAE04EC0-301F-11D3-BF4B-00C04F79EFBC}") = "Математические формулы", "Математические формулы\Математические формулы.csproj", "{D35D03B2-23D5-46E1-9282-390421E24E00}"
EndProject
Global
	GlobalSection(SolutionConfigurationPlatforms) = preSolution
		Debug|Any CPU = Debug|Any CPU
		Release|Any CPU = Release|Any CPU
	EndGlobalSection
	GlobalSection(ProjectConfigurationPlatforms) = postSolution
		{D35D03B2-23D5-46E1-9282-390421E24E00}.Debug|Any CPU.ActiveCfg = Debug|Any CPU
		{D35D03B2-23D5-46E1-9282-390421E24E00}.Debug|Any CPU.Build.0 = Debug|Any CPU
		{D35D03B2-23D5-46E1-9282-390421E24E00}.Release|Any CPU.ActiveCfg = Release|Any CPU
		{D35D03B2-23D5-46E1-9282-390421E24E00}.Release|Any CPU.Build.0 = Release|Any CPU
	EndGlobalSection
	GlobalSection(SolutionProperties) = preSolution
		HideSolutionNode = FALSE
	EndGlobalSection
	GlobalSection(ExtensibilityGlobals) = postSolution
		SolutionGuid = {C56DE701-5337-497B-9685-5C27A9AD835A}
	EndGlobalSection
EndGlobal
